// !$*UTF8*$!
{
	archiveVersion = 1;
	classes = {
	};
	objectVersion = 46;
	objects = {

/* Begin PBXBuildFile section */
		2F0804111E27B553006C3D71 /* constants.swift in Sources */ = {isa = PBXBuildFile; fileRef = 2F0804101E27B553006C3D71 /* constants.swift */; };
		2FB66DC31E1D614700B4A8FA /* AppDelegate.swift in Sources */ = {isa = PBXBuildFile; fileRef = 2FB66DC21E1D614700B4A8FA /* AppDelegate.swift */; };
		2FB66DC51E1D614700B4A8FA /* ViewController.swift in Sources */ = {isa = PBXBuildFile; fileRef = 2FB66DC41E1D614700B4A8FA /* ViewController.swift */; };
		2FB66DC81E1D614700B4A8FA /* Main.storyboard in Resources */ = {isa = PBXBuildFile; fileRef = 2FB66DC61E1D614700B4A8FA /* Main.storyboard */; };
		2FB66DCA1E1D614700B4A8FA /* Assets.xcassets in Resources */ = {isa = PBXBuildFile; fileRef = 2FB66DC91E1D614700B4A8FA /* Assets.xcassets */; };
		2FB66DCD1E1D614700B4A8FA /* LaunchScreen.storyboard in Resources */ = {isa = PBXBuildFile; fileRef = 2FB66DCB1E1D614700B4A8FA /* LaunchScreen.storyboard */; };
		2FB66DD51E1D6FB100B4A8FA /* pokemon.csv in Resources */ = {isa = PBXBuildFile; fileRef = 2FB66DD41E1D6FB100B4A8FA /* pokemon.csv */; };
		2FB66DD81E1D707A00B4A8FA /* Pokemon.swift in Sources */ = {isa = PBXBuildFile; fileRef = 2FB66DD71E1D707A00B4A8FA /* Pokemon.swift */; };
		2FB66DDB1E1D753F00B4A8FA /* PokeCell.swift in Sources */ = {isa = PBXBuildFile; fileRef = 2FB66DDA1E1D753F00B4A8FA /* PokeCell.swift */; };
		2FB66DDD1E1DBBB900B4A8FA /* csv.swift in Sources */ = {isa = PBXBuildFile; fileRef = 2FB66DDC1E1DBBB900B4A8FA /* csv.swift */; };
		2FB66DE01E1DBEE000B4A8FA /* pokemon2.ttf in Resources */ = {isa = PBXBuildFile; fileRef = 2FB66DDE1E1DBEE000B4A8FA /* pokemon2.ttf */; };
		2FB66DE11E1DBEE000B4A8FA /* pokemon.ttf in Resources */ = {isa = PBXBuildFile; fileRef = 2FB66DDF1E1DBEE000B4A8FA /* pokemon.ttf */; };
		2FB66DE61E1DC12F00B4A8FA /* music.mp3 in Resources */ = {isa = PBXBuildFile; fileRef = 2FB66DE51E1DC12F00B4A8FA /* music.mp3 */; };
		2FB66DE81E1E70E400B4A8FA /* TODO in Resources */ = {isa = PBXBuildFile; fileRef = 2FB66DE71E1E70E400B4A8FA /* TODO */; };
		2FB66DEA1E1E756700B4A8FA /* PokemonDetailVC.swift in Sources */ = {isa = PBXBuildFile; fileRef = 2FB66DE91E1E756700B4A8FA /* PokemonDetailVC.swift */; };
		BDFDD53AB566FF1CCCB2CFBB /* Pods_Pokedex2017.framework in Frameworks */ = {isa = PBXBuildFile; fileRef = BC6E8DB8EA0BC025479AFE70 /* Pods_Pokedex2017.framework */; };
/* End PBXBuildFile section */

/* Begin PBXFileReference section */
		2F0804101E27B553006C3D71 /* constants.swift */ = {isa = PBXFileReference; fileEncoding = 4; lastKnownFileType = sourcecode.swift; path = constants.swift; sourceTree = "<group>"; };
		2FB66DBF1E1D614700B4A8FA /* Pokedex2017.app */ = {isa = PBXFileReference; explicitFileType = wrapper.application; includeInIndex = 0; path = Pokedex2017.app; sourceTree = BUILT_PRODUCTS_DIR; };
		2FB66DC21E1D614700B4A8FA /* AppDelegate.swift */ = {isa = PBXFileReference; lastKnownFileType = sourcecode.swift; path = AppDelegate.swift; sourceTree = "<group>"; };
		2FB66DC41E1D614700B4A8FA /* ViewController.swift */ = {isa = PBXFileReference; lastKnownFileType = sourcecode.swift; path = ViewController.swift; sourceTree = "<group>"; };
		2FB66DC71E1D614700B4A8FA /* Base */ = {isa = PBXFileReference; lastKnownFileType = file.storyboard; name = Base; path = Base.lproj/Main.storyboard; sourceTree = "<group>"; };
		2FB66DC91E1D614700B4A8FA /* Assets.xcassets */ = {isa = PBXFileReference; lastKnownFileType = folder.assetcatalog; path = Assets.xcassets; sourceTree = "<group>"; };
		2FB66DCC1E1D614700B4A8FA /* Base */ = {isa = PBXFileReference; lastKnownFileType = file.storyboard; name = Base; path = Base.lproj/LaunchScreen.storyboard; sourceTree = "<group>"; };
		2FB66DCE1E1D614700B4A8FA /* Info.plist */ = {isa = PBXFileReference; lastKnownFileType = text.plist.xml; path = Info.plist; sourceTree = "<group>"; };
		2FB66DD41E1D6FB100B4A8FA /* pokemon.csv */ = {isa = PBXFileReference; fileEncoding = 4; lastKnownFileType = text; path = pokemon.csv; sourceTree = "<group>"; };
		2FB66DD71E1D707A00B4A8FA /* Pokemon.swift */ = {isa = PBXFileReference; fileEncoding = 4; lastKnownFileType = sourcecode.swift; path = Pokemon.swift; sourceTree = "<group>"; };
		2FB66DDA1E1D753F00B4A8FA /* PokeCell.swift */ = {isa = PBXFileReference; fileEncoding = 4; lastKnownFileType = sourcecode.swift; path = PokeCell.swift; sourceTree = "<group>"; };
		2FB66DDC1E1DBBB900B4A8FA /* csv.swift */ = {isa = PBXFileReference; fileEncoding = 4; lastKnownFileType = sourcecode.swift; path = csv.swift; sourceTree = "<group>"; };
		2FB66DDE1E1DBEE000B4A8FA /* pokemon2.ttf */ = {isa = PBXFileReference; lastKnownFileType = file; path = pokemon2.ttf; sourceTree = "<group>"; };
		2FB66DDF1E1DBEE000B4A8FA /* pokemon.ttf */ = {isa = PBXFileReference; lastKnownFileType = file; path = pokemon.ttf; sourceTree = "<group>"; };
		2FB66DE51E1DC12F00B4A8FA /* music.mp3 */ = {isa = PBXFileReference; lastKnownFileType = audio.mp3; path = music.mp3; sourceTree = "<group>"; };
		2FB66DE71E1E70E400B4A8FA /* TODO */ = {isa = PBXFileReference; fileEncoding = 4; lastKnownFileType = text; path = TODO; sourceTree = "<group>"; };
		2FB66DE91E1E756700B4A8FA /* PokemonDetailVC.swift */ = {isa = PBXFileReference; fileEncoding = 4; lastKnownFileType = sourcecode.swift; path = PokemonDetailVC.swift; sourceTree = "<group>"; };
		5EA28B8882D18B1CED3D6137 /* Pods-Pokedex2017.debug.xcconfig */ = {isa = PBXFileReference; includeInIndex = 1; lastKnownFileType = text.xcconfig; name = "Pods-Pokedex2017.debug.xcconfig"; path = "Pods/Target Support Files/Pods-Pokedex2017/Pods-Pokedex2017.debug.xcconfig"; sourceTree = "<group>"; };
		BC6E8DB8EA0BC025479AFE70 /* Pods_Pokedex2017.framework */ = {isa = PBXFileReference; explicitFileType = wrapper.framework; includeInIndex = 0; path = Pods_Pokedex2017.framework; sourceTree = BUILT_PRODUCTS_DIR; };
		FE4208E5C8DA81361EBFD842 /* Pods-Pokedex2017.release.xcconfig */ = {isa = PBXFileReference; includeInIndex = 1; lastKnownFileType = text.xcconfig; name = "Pods-Pokedex2017.release.xcconfig"; path = "Pods/Target Support Files/Pods-Pokedex2017/Pods-Pokedex2017.release.xcconfig"; sourceTree = "<group>"; };
/* End PBXFileReference section */

/* Begin PBXFrameworksBuildPhase section */
		2FB66DBC1E1D614700B4A8FA /* Frameworks */ = {
			isa = PBXFrameworksBuildPhase;
			buildActionMask = 2147483647;
			files = (
				BDFDD53AB566FF1CCCB2CFBB /* Pods_Pokedex2017.framework in Frameworks */,
			);
			runOnlyForDeploymentPostprocessing = 0;
		};
/* End PBXFrameworksBuildPhase section */

/* Begin PBXGroup section */
		2FB66DB61E1D614700B4A8FA = {
			isa = PBXGroup;
			children = (
				2FB66DC11E1D614700B4A8FA /* Pokedex2017 */,
				2FB66DC01E1D614700B4A8FA /* Products */,
				7AF6AC6971AB5B2129425523 /* Pods */,
				B85FD6725688A645E37C52C0 /* Frameworks */,
			);
			sourceTree = "<group>";
		};
		2FB66DC01E1D614700B4A8FA /* Products */ = {
			isa = PBXGroup;
			children = (
				2FB66DBF1E1D614700B4A8FA /* Pokedex2017.app */,
			);
			name = Products;
			sourceTree = "<group>";
		};
		2FB66DC11E1D614700B4A8FA /* Pokedex2017 */ = {
			isa = PBXGroup;
			children = (
				2FB66DD61E1D706B00B4A8FA /* Model */,
				2FB66DD91E1D752100B4A8FA /* View */,
				2FB66DE21E1DBEFD00B4A8FA /* Controller */,
				2FB66DE41E1DBF4200B4A8FA /* Util */,
				2FB66DE31E1DBF2000B4A8FA /* Resources */,
				2FB66DC21E1D614700B4A8FA /* AppDelegate.swift */,
				2FB66DC61E1D614700B4A8FA /* Main.storyboard */,
				2FB66DC91E1D614700B4A8FA /* Assets.xcassets */,
				2FB66DCB1E1D614700B4A8FA /* LaunchScreen.storyboard */,
				2FB66DCE1E1D614700B4A8FA /* Info.plist */,
				2FB66DE71E1E70E400B4A8FA /* TODO */,
			);
			path = Pokedex2017;
			sourceTree = "<group>";
		};
		2FB66DD61E1D706B00B4A8FA /* Model */ = {
			isa = PBXGroup;
			children = (
				2FB66DD71E1D707A00B4A8FA /* Pokemon.swift */,
			);
			name = Model;
			sourceTree = "<group>";
		};
		2FB66DD91E1D752100B4A8FA /* View */ = {
			isa = PBXGroup;
			children = (
				2FB66DDA1E1D753F00B4A8FA /* PokeCell.swift */,
			);
			name = View;
			sourceTree = "<group>";
		};
		2FB66DE21E1DBEFD00B4A8FA /* Controller */ = {
			isa = PBXGroup;
			children = (
				2FB66DC41E1D614700B4A8FA /* ViewController.swift */,
				2FB66DE91E1E756700B4A8FA /* PokemonDetailVC.swift */,
			);
			name = Controller;
			sourceTree = "<group>";
		};
		2FB66DE31E1DBF2000B4A8FA /* Resources */ = {
			isa = PBXGroup;
			children = (
				2FB66DE51E1DC12F00B4A8FA /* music.mp3 */,
				2FB66DD41E1D6FB100B4A8FA /* pokemon.csv */,
				2FB66DDE1E1DBEE000B4A8FA /* pokemon2.ttf */,
				2FB66DDF1E1DBEE000B4A8FA /* pokemon.ttf */,
			);
			name = Resources;
			sourceTree = "<group>";
		};
		2FB66DE41E1DBF4200B4A8FA /* Util */ = {
			isa = PBXGroup;
			children = (
				2FB66DDC1E1DBBB900B4A8FA /* csv.swift */,
				2F0804101E27B553006C3D71 /* constants.swift */,
			);
			name = Util;
			sourceTree = "<group>";
		};
		7AF6AC6971AB5B2129425523 /* Pods */ = {
			isa = PBXGroup;
			children = (
				5EA28B8882D18B1CED3D6137 /* Pods-Pokedex2017.debug.xcconfig */,
				FE4208E5C8DA81361EBFD842 /* Pods-Pokedex2017.release.xcconfig */,
			);
			name = Pods;
			sourceTree = "<group>";
		};
		B85FD6725688A645E37C52C0 /* Frameworks */ = {
			isa = PBXGroup;
			children = (
				BC6E8DB8EA0BC025479AFE70 /* Pods_Pokedex2017.framework */,
			);
			name = Frameworks;
			sourceTree = "<group>";
		};
/* End PBXGroup section */

/* Begin PBXNativeTarget section */
		2FB66DBE1E1D614700B4A8FA /* Pokedex2017 */ = {
			isa = PBXNativeTarget;
			buildConfigurationList = 2FB66DD11E1D614700B4A8FA /* Build configuration list for PBXNativeTarget "Pokedex2017" */;
			buildPhases = (
				350528EF6883AC5CA1855B0D /* [CP] Check Pods Manifest.lock */,
				2FB66DBB1E1D614700B4A8FA /* Sources */,
				2FB66DBC1E1D614700B4A8FA /* Frameworks */,
				2FB66DBD1E1D614700B4A8FA /* Resources */,
				4E94ACDCE857F21AE278BFC7 /* [CP] Embed Pods Frameworks */,
				72D49ADBA9EAAA15A5542A1C /* [CP] Copy Pods Resources */,
			);
			buildRules = (
			);
			dependencies = (
			);
			name = Pokedex2017;
			productName = Pokedex2017;
			productReference = 2FB66DBF1E1D614700B4A8FA /* Pokedex2017.app */;
			productType = "com.apple.product-type.application";
		};
/* End PBXNativeTarget section */

/* Begin PBXProject section */
		2FB66DB71E1D614700B4A8FA /* Project object */ = {
			isa = PBXProject;
			attributes = {
				LastSwiftUpdateCheck = 0820;
				LastUpgradeCheck = 0820;
				ORGANIZATIONNAME = "Thiago Costa";
				TargetAttributes = {
					2FB66DBE1E1D614700B4A8FA = {
						CreatedOnToolsVersion = 8.2.1;
						DevelopmentTeam = SM78J7YPSS;
						LastSwiftMigration = 0820;
						ProvisioningStyle = Automatic;
					};
				};
			};
			buildConfigurationList = 2FB66DBA1E1D614700B4A8FA /* Build configuration list for PBXProject "Pokedex2017" */;
			compatibilityVersion = "Xcode 3.2";
			developmentRegion = English;
			hasScannedForEncodings = 0;
			knownRegions = (
				en,
				Base,
			);
			mainGroup = 2FB66DB61E1D614700B4A8FA;
			productRefGroup = 2FB66DC01E1D614700B4A8FA /* Products */;
			projectDirPath = "";
			projectRoot = "";
			targets = (
				2FB66DBE1E1D614700B4A8FA /* Pokedex2017 */,
			);
		};
/* End PBXProject section */

/* Begin PBXResourcesBuildPhase section */
		2FB66DBD1E1D614700B4A8FA /* Resources */ = {
			isa = PBXResourcesBuildPhase;
			buildActionMask = 2147483647;
			files = (
				2FB66DCD1E1D614700B4A8FA /* LaunchScreen.storyboard in Resources */,
				2FB66DCA1E1D614700B4A8FA /* Assets.xcassets in Resources */,
				2FB66DE81E1E70E400B4A8FA /* TODO in Resources */,
				2FB66DE01E1DBEE000B4A8FA /* pokemon2.ttf in Resources */,
				2FB66DE11E1DBEE000B4A8FA /* pokemon.ttf in Resources */,
				2FB66DD51E1D6FB100B4A8FA /* pokemon.csv in Resources */,
				2FB66DE61E1DC12F00B4A8FA /* music.mp3 in Resources */,
				2FB66DC81E1D614700B4A8FA /* Main.storyboard in Resources */,
			);
			runOnlyForDeploymentPostprocessing = 0;
		};
/* End PBXResourcesBuildPhase section */

/* Begin PBXShellScriptBuildPhase section */
		350528EF6883AC5CA1855B0D /* [CP] Check Pods Manifest.lock */ = {
			isa = PBXShellScriptBuildPhase;
			buildActionMask = 2147483647;
			files = (
			);
			inputPaths = (
			);
			name = "[CP] Check Pods Manifest.lock";
			outputPaths = (
			);
			runOnlyForDeploymentPostprocessing = 0;
			shellPath = /bin/sh;
			shellScript = "diff \"${PODS_ROOT}/../Podfile.lock\" \"${PODS_ROOT}/Manifest.lock\" > /dev/null\nif [ $? != 0 ] ; then\n    # print error to STDERR\n    echo \"error: The sandbox is not in sync with the Podfile.lock. Run 'pod install' or update your CocoaPods installation.\" >&2\n    exit 1\nfi\n";
			showEnvVarsInLog = 0;
		};
		4E94ACDCE857F21AE278BFC7 /* [CP] Embed Pods Frameworks */ = {
			isa = PBXShellScriptBuildPhase;
			buildActionMask = 2147483647;
			files = (
			);
			inputPaths = (
			);
			name = "[CP] Embed Pods Frameworks";
			outputPaths = (
			);
			runOnlyForDeploymentPostprocessing = 0;
			shellPath = /bin/sh;
			shellScript = "\"${SRCROOT}/Pods/Target Support Files/Pods-Pokedex2017/Pods-Pokedex2017-frameworks.sh\"\n";
			showEnvVarsInLog = 0;
		};
		72D49ADBA9EAAA15A5542A1C /* [CP] Copy Pods Resources */ = {
			isa = PBXShellScriptBuildPhase;
			buildActionMask = 2147483647;
			files = (
			);
			inputPaths = (
			);
			name = "[CP] Copy Pods Resources";
			outputPaths = (
			);
			runOnlyForDeploymentPostprocessing = 0;
			shellPath = /bin/sh;
			shellScript = "\"${SRCROOT}/Pods/Target Support Files/Pods-Pokedex2017/Pods-Pokedex2017-resources.sh\"\n";
			showEnvVarsInLog = 0;
		};
/* End PBXShellScriptBuildPhase section */

/* Begin PBXSourcesBuildPhase section */
		2FB66DBB1E1D614700B4A8FA /* Sources */ = {
			isa = PBXSourcesBuildPhase;
			buildActionMask = 2147483647;
			files = (
				2FB66DDB1E1D753F00B4A8FA /* PokeCell.swift in Sources */,
				2FB66DC51E1D614700B4A8FA /* ViewController.swift in Sources */,
				2FB66DC31E1D614700B4A8FA /* AppDelegate.swift in Sources */,
				2F0804111E27B553006C3D71 /* constants.swift in Sources */,
				2FB66DEA1E1E756700B4A8FA /* PokemonDetailVC.swift in Sources */,
				2FB66DD81E1D707A00B4A8FA /* Pokemon.swift in Sources */,
				2FB66DDD1E1DBBB900B4A8FA /* csv.swift in Sources */,
			);
			runOnlyForDeploymentPostprocessing = 0;
		};
/* End PBXSourcesBuildPhase section */

/* Begin PBXVariantGroup section */
		2FB66DC61E1D614700B4A8FA /* Main.storyboard */ = {
			isa = PBXVariantGroup;
			children = (
				2FB66DC71E1D614700B4A8FA /* Base */,
			);
			name = Main.storyboard;
			sourceTree = "<group>";
		};
		2FB66DCB1E1D614700B4A8FA /* LaunchScreen.storyboard */ = {
			isa = PBXVariantGroup;
			children = (
				2FB66DCC1E1D614700B4A8FA /* Base */,
			);
			name = LaunchScreen.storyboard;
			sourceTree = "<group>";
		};
/* End PBXVariantGroup section */

/* Begin XCBuildConfiguration section */
		2FB66DCF1E1D614700B4A8FA /* Debug */ = {
			isa = XCBuildConfiguration;
			buildSettings = {
				ALWAYS_SEARCH_USER_PATHS = NO;
				CLANG_ANALYZER_NONNULL = YES;
				CLANG_CXX_LANGUAGE_STANDARD = "gnu++0x";
				CLANG_CXX_LIBRARY = "libc++";
				CLANG_ENABLE_MODULES = YES;
				CLANG_ENABLE_OBJC_ARC = YES;
				CLANG_WARN_BOOL_CONVERSION = YES;
				CLANG_WARN_CONSTANT_CONVERSION = YES;
				CLANG_WARN_DIRECT_OBJC_ISA_USAGE = YES_ERROR;
				CLANG_WARN_DOCUMENTATION_COMMENTS = YES;
				CLANG_WARN_EMPTY_BODY = YES;
				CLANG_WARN_ENUM_CONVERSION = YES;
				CLANG_WARN_INFINITE_RECURSION = YES;
				CLANG_WARN_INT_CONVERSION = YES;
				CLANG_WARN_OBJC_ROOT_CLASS = YES_ERROR;
				CLANG_WARN_SUSPICIOUS_MOVE = YES;
				CLANG_WARN_UNREACHABLE_CODE = YES;
				CLANG_WARN__DUPLICATE_METHOD_MATCH = YES;
				"CODE_SIGN_IDENTITY[sdk=iphoneos*]" = "iPhone Developer";
				COPY_PHASE_STRIP = NO;
				DEBUG_INFORMATION_FORMAT = dwarf;
				ENABLE_STRICT_OBJC_MSGSEND = YES;
				ENABLE_TESTABILITY = YES;
				GCC_C_LANGUAGE_STANDARD = gnu99;
				GCC_DYNAMIC_NO_PIC = NO;
				GCC_NO_COMMON_BLOCKS = YES;
				GCC_OPTIMIZATION_LEVEL = 0;
				GCC_PREPROCESSOR_DEFINITIONS = (
					"DEBUG=1",
					"$(inherited)",
				);
				GCC_WARN_64_TO_32_BIT_CONVERSION = YES;
				GCC_WARN_ABOUT_RETURN_TYPE = YES_ERROR;
				GCC_WARN_UNDECLARED_SELECTOR = YES;
				GCC_WARN_UNINITIALIZED_AUTOS = YES_AGGRESSIVE;
				GCC_WARN_UNUSED_FUNCTION = YES;
				GCC_WARN_UNUSED_VARIABLE = YES;
				IPHONEOS_DEPLOYMENT_TARGET = 10.2;
				MTL_ENABLE_DEBUG_INFO = YES;
				ONLY_ACTIVE_ARCH = YES;
				SDKROOT = iphoneos;
				SWIFT_ACTIVE_COMPILATION_CONDITIONS = DEBUG;
				SWIFT_OPTIMIZATION_LEVEL = "-Onone";
			};
			name = Debug;
		};
		2FB66DD01E1D614700B4A8FA /* Release */ = {
			isa = XCBuildConfiguration;
			buildSettings = {
				ALWAYS_SEARCH_USER_PATHS = NO;
				CLANG_ANALYZER_NONNULL = YES;
				CLANG_CXX_LANGUAGE_STANDARD = "gnu++0x";
				CLANG_CXX_LIBRARY = "libc++";
				CLANG_ENABLE_MODULES = YES;
				CLANG_ENABLE_OBJC_ARC = YES;
				CLANG_WARN_BOOL_CONVERSION = YES;
				CLANG_WARN_CONSTANT_CONVERSION = YES;
				CLANG_WARN_DIRECT_OBJC_ISA_USAGE = YES_ERROR;
				CLANG_WARN_DOCUMENTATION_COMMENTS = YES;
				CLANG_WARN_EMPTY_BODY = YES;
				CLANG_WARN_ENUM_CONVERSION = YES;
				CLANG_WARN_INFINITE_RECURSION = YES;
				CLANG_WARN_INT_CONVERSION = YES;
				CLANG_WARN_OBJC_ROOT_CLASS = YES_ERROR;
				CLANG_WARN_SUSPICIOUS_MOVE = YES;
				CLANG_WARN_UNREACHABLE_CODE = YES;
				CLANG_WARN__DUPLICATE_METHOD_MATCH = YES;
				"CODE_SIGN_IDENTITY[sdk=iphoneos*]" = "iPhone Developer";
				COPY_PHASE_STRIP = NO;
				DEBUG_INFORMATION_FORMAT = "dwarf-with-dsym";
				ENABLE_NS_ASSERTIONS = NO;
				ENABLE_STRICT_OBJC_MSGSEND = YES;
				GCC_C_LANGUAGE_STANDARD = gnu99;
				GCC_NO_COMMON_BLOCKS = YES;
				GCC_WARN_64_TO_32_BIT_CONVERSION = YES;
				GCC_WARN_ABOUT_RETURN_TYPE = YES_ERROR;
				GCC_WARN_UNDECLARED_SELECTOR = YES;
				GCC_WARN_UNINITIALIZED_AUTOS = YES_AGGRESSIVE;
				GCC_WARN_UNUSED_FUNCTION = YES;
				GCC_WARN_UNUSED_VARIABLE = YES;
				IPHONEOS_DEPLOYMENT_TARGET = 10.2;
				MTL_ENABLE_DEBUG_INFO = NO;
				SDKROOT = iphoneos;
				SWIFT_OPTIMIZATION_LEVEL = "-Owholemodule";
				VALIDATE_PRODUCT = YES;
			};
			name = Release;
		};
		2FB66DD21E1D614700B4A8FA /* Debug */ = {
			isa = XCBuildConfiguration;
			baseConfigurationReference = 5EA28B8882D18B1CED3D6137 /* Pods-Pokedex2017.debug.xcconfig */;
			buildSettings = {
				ASSETCATALOG_COMPILER_APPICON_NAME = AppIcon;
				DEVELOPMENT_TEAM = SM78J7YPSS;
				INFOPLIST_FILE = Pokedex2017/Info.plist;
				LD_RUNPATH_SEARCH_PATHS = "$(inherited) @executable_path/Frameworks";
				PRODUCT_BUNDLE_IDENTIFIER = toppyapps.Pokedex2017;
				PRODUCT_NAME = "$(TARGET_NAME)";
				SWIFT_VERSION = 3.0;
			};
			name = Debug;
		};
		2FB66DD31E1D614700B4A8FA /* Release */ = {
			isa = XCBuildConfiguration;
			baseConfigurationReference = FE4208E5C8DA81361EBFD842 /* Pods-Pokedex2017.release.xcconfig */;
			buildSettings = {
				ASSETCATALOG_COMPILER_APPICON_NAME = AppIcon;
				DEVELOPMENT_TEAM = SM78J7YPSS;
				INFOPLIST_FILE = Pokedex2017/Info.plist;
				LD_RUNPATH_SEARCH_PATHS = "$(inherited) @executable_path/Frameworks";
				PRODUCT_BUNDLE_IDENTIFIER = toppyapps.Pokedex2017;
				PRODUCT_NAME = "$(TARGET_NAME)";
				SWIFT_VERSION = 3.0;
			};
			name = Release;
		};
/* End XCBuildConfiguration section */

/* Begin XCConfigurationList section */
		2FB66DBA1E1D614700B4A8FA /* Build configuration list for PBXProject "Pokedex2017" */ = {
			isa = XCConfigurationList;
			buildConfigurations = (
				2FB66DCF1E1D614700B4A8FA /* Debug */,
				2FB66DD01E1D614700B4A8FA /* Release */,
			);
			defaultConfigurationIsVisible = 0;
			defaultConfigurationName = Release;
		};
		2FB66DD11E1D614700B4A8FA /* Build configuration list for PBXNativeTarget "Pokedex2017" */ = {
			isa = XCConfigurationList;
			buildConfigurations = (
				2FB66DD21E1D614700B4A8FA /* Debug */,
				2FB66DD31E1D614700B4A8FA /* Release */,
			);
			defaultConfigurationIsVisible = 0;
			defaultConfigurationName = Release;
		};
/* End XCConfigurationList section */
	};
	rootObject = 2FB66DB71E1D614700B4A8FA /* Project object */;
}
